// !$*UTF8*$!
{
	archiveVersion = 1;
	classes = {
	};
	objectVersion = 46;
	objects = {

/* Begin PBXBuildFile section */
		24349F551AD21506003FC02A /* AppDelegate.swift in Sources */ = {isa = PBXBuildFile; fileRef = 24349F541AD21506003FC02A /* AppDelegate.swift */; };
		24349F571AD21506003FC02A /* ViewController.swift in Sources */ = {isa = PBXBuildFile; fileRef = 24349F561AD21506003FC02A /* ViewController.swift */; };
		24349F5A1AD21506003FC02A /* Main.storyboard in Resources */ = {isa = PBXBuildFile; fileRef = 24349F581AD21506003FC02A /* Main.storyboard */; };
		24349F5C1AD21506003FC02A /* Images.xcassets in Resources */ = {isa = PBXBuildFile; fileRef = 24349F5B1AD21506003FC02A /* Images.xcassets */; };
		24349F5F1AD21506003FC02A /* LaunchScreen.xib in Resources */ = {isa = PBXBuildFile; fileRef = 24349F5D1AD21506003FC02A /* LaunchScreen.xib */; };
		24349F6B1AD21506003FC02A /* ShoeConverterTests.swift in Sources */ = {isa = PBXBuildFile; fileRef = 24349F6A1AD21506003FC02A /* ShoeConverterTests.swift */; };
/* End PBXBuildFile section */

/* Begin PBXContainerItemProxy section */
		24349F651AD21506003FC02A /* PBXContainerItemProxy */ = {
			isa = PBXContainerItemProxy;
			containerPortal = 24349F471AD21506003FC02A /* Project object */;
			proxyType = 1;
			remoteGlobalIDString = 24349F4E1AD21506003FC02A;
			remoteInfo = ShoeConverter;
		};
/* End PBXContainerItemProxy section */

/* Begin PBXFileReference section */
		24349F4F1AD21506003FC02A /* ShoeConverter.app */ = {isa = PBXFileReference; explicitFileType = wrapper.application; includeInIndex = 0; path = ShoeConverter.app; sourceTree = BUILT_PRODUCTS_DIR; };
		24349F531AD21506003FC02A /* Info.plist */ = {isa = PBXFileReference; lastKnownFileType = text.plist.xml; path = Info.plist; sourceTree = "<group>"; };
		24349F541AD21506003FC02A /* AppDelegate.swift */ = {isa = PBXFileReference; lastKnownFileType = sourcecode.swift; path = AppDelegate.swift; sourceTree = "<group>"; };
		24349F561AD21506003FC02A /* ViewController.swift */ = {isa = PBXFileReference; lastKnownFileType = sourcecode.swift; path = ViewController.swift; sourceTree = "<group>"; };
		24349F591AD21506003FC02A /* Base */ = {isa = PBXFileReference; lastKnownFileType = file.storyboard; name = Base; path = Base.lproj/Main.storyboard; sourceTree = "<group>"; };
		24349F5B1AD21506003FC02A /* Images.xcassets */ = {isa = PBXFileReference; lastKnownFileType = folder.assetcatalog; path = Images.xcassets; sourceTree = "<group>"; };
		24349F5E1AD21506003FC02A /* Base */ = {isa = PBXFileReference; lastKnownFileType = file.xib; name = Base; path = Base.lproj/LaunchScreen.xib; sourceTree = "<group>"; };
		24349F641AD21506003FC02A /* ShoeConverterTests.xctest */ = {isa = PBXFileReference; explicitFileType = wrapper.cfbundle; includeInIndex = 0; path = ShoeConverterTests.xctest; sourceTree = BUILT_PRODUCTS_DIR; };
		24349F691AD21506003FC02A /* Info.plist */ = {isa = PBXFileReference; lastKnownFileType = text.plist.xml; path = Info.plist; sourceTree = "<group>"; };
		24349F6A1AD21506003FC02A /* ShoeConverterTests.swift */ = {isa = PBXFileReference; lastKnownFileType = sourcecode.swift; path = ShoeConverterTests.swift; sourceTree = "<group>"; };
/* End PBXFileReference section */

/* Begin PBXFrameworksBuildPhase section */
		24349F4C1AD21506003FC02A /* Frameworks */ = {
			isa = PBXFrameworksBuildPhase;
			buildActionMask = 2147483647;
			files = (
			);
			runOnlyForDeploymentPostprocessing = 0;
		};
		24349F611AD21506003FC02A /* Frameworks */ = {
			isa = PBXFrameworksBuildPhase;
			buildActionMask = 2147483647;
			files = (
			);
			runOnlyForDeploymentPostprocessing = 0;
		};
/* End PBXFrameworksBuildPhase section */

/* Begin PBXGroup section */
		24349F461AD21506003FC02A = {
			isa = PBXGroup;
			children = (
				24349F511AD21506003FC02A /* ShoeConverter */,
				24349F671AD21506003FC02A /* ShoeConverterTests */,
				24349F501AD21506003FC02A /* Products */,
			);
			sourceTree = "<group>";
		};
		24349F501AD21506003FC02A /* Products */ = {
			isa = PBXGroup;
			children = (
				24349F4F1AD21506003FC02A /* ShoeConverter.app */,
				24349F641AD21506003FC02A /* ShoeConverterTests.xctest */,
			);
			name = Products;
			sourceTree = "<group>";
		};
		24349F511AD21506003FC02A /* ShoeConverter */ = {
			isa = PBXGroup;
			children = (
				24349F541AD21506003FC02A /* AppDelegate.swift */,
				24349F561AD21506003FC02A /* ViewController.swift */,
				24349F581AD21506003FC02A /* Main.storyboard */,
				24349F5B1AD21506003FC02A /* Images.xcassets */,
				24349F5D1AD21506003FC02A /* LaunchScreen.xib */,
				24349F521AD21506003FC02A /* Supporting Files */,
			);
			path = ShoeConverter;
			sourceTree = "<group>";
		};
		24349F521AD21506003FC02A /* Supporting Files */ = {
			isa = PBXGroup;
			children = (
				24349F531AD21506003FC02A /* Info.plist */,
			);
			name = "Supporting Files";
			sourceTree = "<group>";
		};
		24349F671AD21506003FC02A /* ShoeConverterTests */ = {
			isa = PBXGroup;
			children = (
				24349F6A1AD21506003FC02A /* ShoeConverterTests.swift */,
				24349F681AD21506003FC02A /* Supporting Files */,
			);
			path = ShoeConverterTests;
			sourceTree = "<group>";
		};
		24349F681AD21506003FC02A /* Supporting Files */ = {
			isa = PBXGroup;
			children = (
				24349F691AD21506003FC02A /* Info.plist */,
			);
			name = "Supporting Files";
			sourceTree = "<group>";
		};
/* End PBXGroup section */

/* Begin PBXNativeTarget section */
		24349F4E1AD21506003FC02A /* ShoeConverter */ = {
			isa = PBXNativeTarget;
			buildConfigurationList = 24349F6E1AD21506003FC02A /* Build configuration list for PBXNativeTarget "ShoeConverter" */;
			buildPhases = (
				24349F4B1AD21506003FC02A /* Sources */,
				24349F4C1AD21506003FC02A /* Frameworks */,
				24349F4D1AD21506003FC02A /* Resources */,
			);
			buildRules = (
			);
			dependencies = (
			);
			name = ShoeConverter;
			productName = ShoeConverter;
			productReference = 24349F4F1AD21506003FC02A /* ShoeConverter.app */;
			productType = "com.apple.product-type.application";
		};
		24349F631AD21506003FC02A /* ShoeConverterTests */ = {
			isa = PBXNativeTarget;
			buildConfigurationList = 24349F711AD21506003FC02A /* Build configuration list for PBXNativeTarget "ShoeConverterTests" */;
			buildPhases = (
				24349F601AD21506003FC02A /* Sources */,
				24349F611AD21506003FC02A /* Frameworks */,
				24349F621AD21506003FC02A /* Resources */,
			);
			buildRules = (
			);
			dependencies = (
				24349F661AD21506003FC02A /* PBXTargetDependency */,
			);
			name = ShoeConverterTests;
			productName = ShoeConverterTests;
			productReference = 24349F641AD21506003FC02A /* ShoeConverterTests.xctest */;
			productType = "com.apple.product-type.bundle.unit-test";
		};
/* End PBXNativeTarget section */

/* Begin PBXProject section */
		24349F471AD21506003FC02A /* Project object */ = {
			isa = PBXProject;
			attributes = {
				LastUpgradeCheck = 0620;
				ORGANIZATIONNAME = "Franklin Brown";
				TargetAttributes = {
					24349F4E1AD21506003FC02A = {
						CreatedOnToolsVersion = 6.2;
					};
					24349F631AD21506003FC02A = {
						CreatedOnToolsVersion = 6.2;
						TestTargetID = 24349F4E1AD21506003FC02A;
					};
				};
			};
			buildConfigurationList = 24349F4A1AD21506003FC02A /* Build configuration list for PBXProject "ShoeConverter" */;
			compatibilityVersion = "Xcode 3.2";
			developmentRegion = English;
			hasScannedForEncodings = 0;
			knownRegions = (
				en,
				Base,
			);
			mainGroup = 24349F461AD21506003FC02A;
			productRefGroup = 24349F501AD21506003FC02A /* Products */;
			projectDirPath = "";
			projectRoot = "";
			targets = (
				24349F4E1AD21506003FC02A /* ShoeConverter */,
				24349F631AD21506003FC02A /* ShoeConverterTests */,
			);
		};
/* End PBXProject section */

/* Begin PBXResourcesBuildPhase section */
		24349F4D1AD21506003FC02A /* Resources */ = {
			isa = PBXResourcesBuildPhase;
			buildActionMask = 2147483647;
			files = (
				24349F5A1AD21506003FC02A /* Main.storyboard in Resources */,
				24349F5F1AD21506003FC02A /* LaunchScreen.xib in Resources */,
				24349F5C1AD21506003FC02A /* Images.xcassets in Resources */,
			);
			runOnlyForDeploymentPostprocessing = 0;
		};
		24349F621AD21506003FC02A /* Resources */ = {
			isa = PBXResourcesBuildPhase;
			buildActionMask = 2147483647;
			files = (
			);
			runOnlyForDeploymentPostprocessing = 0;
		};
/* End PBXResourcesBuildPhase section */

/* Begin PBXSourcesBuildPhase section */
		24349F4B1AD21506003FC02A /* Sources */ = {
			isa = PBXSourcesBuildPhase;
			buildActionMask = 2147483647;
			files = (
				24349F571AD21506003FC02A /* ViewController.swift in Sources */,
				24349F551AD21506003FC02A /* AppDelegate.swift in Sources */,
			);
			runOnlyForDeploymentPostprocessing = 0;
		};
		24349F601AD21506003FC02A /* Sources */ = {
			isa = PBXSourcesBuildPhase;
			buildActionMask = 2147483647;
			files = (
				24349F6B1AD21506003FC02A /* ShoeConverterTests.swift in Sources */,
			);
			runOnlyForDeploymentPostprocessing = 0;
		};
/* End PBXSourcesBuildPhase section */

/* Begin PBXTargetDependency section */
		24349F661AD21506003FC02A /* PBXTargetDependency */ = {
			isa = PBXTargetDependency;
			target = 24349F4E1AD21506003FC02A /* ShoeConverter */;
			targetProxy = 24349F651AD21506003FC02A /* PBXContainerItemProxy */;
		};
/* End PBXTargetDependency section */

/* Begin PBXVariantGroup section */
		24349F581AD21506003FC02A /* Main.storyboard */ = {
			isa = PBXVariantGroup;
			children = (
				24349F591AD21506003FC02A /* Base */,
			);
			name = Main.storyboard;
			sourceTree = "<group>";
		};
		24349F5D1AD21506003FC02A /* LaunchScreen.xib */ = {
			isa = PBXVariantGroup;
			children = (
				24349F5E1AD21506003FC02A /* Base */,
			);
			name = LaunchScreen.xib;
			sourceTree = "<group>";
		};
/* End PBXVariantGroup section */

/* Begin XCBuildConfiguration section */
		24349F6C1AD21506003FC02A /* Debug */ = {
			isa = XCBuildConfiguration;
			buildSettings = {
				ALWAYS_SEARCH_USER_PATHS = NO;
				CLANG_CXX_LANGUAGE_STANDARD = "gnu++0x";
				CLANG_CXX_LIBRARY = "libc++";
				CLANG_ENABLE_MODULES = YES;
				CLANG_ENABLE_OBJC_ARC = YES;
				CLANG_WARN_BOOL_CONVERSION = YES;
				CLANG_WARN_CONSTANT_CONVERSION = YES;
				CLANG_WARN_DIRECT_OBJC_ISA_USAGE = YES_ERROR;
				CLANG_WARN_EMPTY_BODY = YES;
				CLANG_WARN_ENUM_CONVERSION = YES;
				CLANG_WARN_INT_CONVERSION = YES;
				CLANG_WARN_OBJC_ROOT_CLASS = YES_ERROR;
				CLANG_WARN_UNREACHABLE_CODE = YES;
				CLANG_WARN__DUPLICATE_METHOD_MATCH = YES;
				"CODE_SIGN_IDENTITY[sdk=iphoneos*]" = "iPhone Developer";
				COPY_PHASE_STRIP = NO;
				ENABLE_STRICT_OBJC_MSGSEND = YES;
				GCC_C_LANGUAGE_STANDARD = gnu99;
				GCC_DYNAMIC_NO_PIC = NO;
				GCC_OPTIMIZATION_LEVEL = 0;
				GCC_PREPROCESSOR_DEFINITIONS = (
					"DEBUG=1",
					"$(inherited)",
				);
				GCC_SYMBOLS_PRIVATE_EXTERN = NO;
				GCC_WARN_64_TO_32_BIT_CONVERSION = YES;
				GCC_WARN_ABOUT_RETURN_TYPE = YES_ERROR;
				GCC_WARN_UNDECLARED_SELECTOR = YES;
				GCC_WARN_UNINITIALIZED_AUTOS = YES_AGGRESSIVE;
				GCC_WARN_UNUSED_FUNCTION = YES;
				GCC_WARN_UNUSED_VARIABLE = YES;
				IPHONEOS_DEPLOYMENT_TARGET = 8.2;
				MTL_ENABLE_DEBUG_INFO = YES;
				ONLY_ACTIVE_ARCH = YES;
				SDKROOT = iphoneos;
				SWIFT_OPTIMIZATION_LEVEL = "-Onone";
				TARGETED_DEVICE_FAMILY = "1,2";
			};
			name = Debug;
		};
		24349F6D1AD21506003FC02A /* Release */ = {
			isa = XCBuildConfiguration;
			buildSettings = {
				ALWAYS_SEARCH_USER_PATHS = NO;
				CLANG_CXX_LANGUAGE_STANDARD = "gnu++0x";
				CLANG_CXX_LIBRARY = "libc++";
				CLANG_ENABLE_MODULES = YES;
				CLANG_ENABLE_OBJC_ARC = YES;
				CLANG_WARN_BOOL_CONVERSION = YES;
				CLANG_WARN_CONSTANT_CONVERSION = YES;
				CLANG_WARN_DIRECT_OBJC_ISA_USAGE = YES_ERROR;
				CLANG_WARN_EMPTY_BODY = YES;
				CLANG_WARN_ENUM_CONVERSION = YES;
				CLANG_WARN_INT_CONVERSION = YES;
				CLANG_WARN_OBJC_ROOT_CLASS = YES_ERROR;
				CLANG_WARN_UNREACHABLE_CODE = YES;
				CLANG_WARN__DUPLICATE_METHOD_MATCH = YES;
				"CODE_SIGN_IDENTITY[sdk=iphoneos*]" = "iPhone Developer";
				COPY_PHASE_STRIP = NO;
				ENABLE_NS_ASSERTIONS = NO;
				ENABLE_STRICT_OBJC_MSGSEND = YES;
				GCC_C_LANGUAGE_STANDARD = gnu99;
				GCC_WARN_64_TO_32_BIT_CONVERSION = YES;
				GCC_WARN_ABOUT_RETURN_TYPE = YES_ERROR;
				GCC_WARN_UNDECLARED_SELECTOR = YES;
				GCC_WARN_UNINITIALIZED_AUTOS = YES_AGGRESSIVE;
				GCC_WARN_UNUSED_FUNCTION = YES;
				GCC_WARN_UNUSED_VARIABLE = YES;
				IPHONEOS_DEPLOYMENT_TARGET = 8.2;
				MTL_ENABLE_DEBUG_INFO = NO;
				SDKROOT = iphoneos;
				TARGETED_DEVICE_FAMILY = "1,2";
				VALIDATE_PRODUCT = YES;
			};
			name = Release;
		};
		24349F6F1AD21506003FC02A /* Debug */ = {
			isa = XCBuildConfiguration;
			buildSettings = {
				ASSETCATALOG_COMPILER_APPICON_NAME = AppIcon;
				INFOPLIST_FILE = ShoeConverter/Info.plist;
				LD_RUNPATH_SEARCH_PATHS = "$(inherited) @executable_path/Frameworks";
				PRODUCT_NAME = "$(TARGET_NAME)";
			};
			name = Debug;
		};
		24349F701AD21506003FC02A /* Release */ = {
			isa = XCBuildConfiguration;
			buildSettings = {
				ASSETCATALOG_COMPILER_APPICON_NAME = AppIcon;
				INFOPLIST_FILE = ShoeConverter/Info.plist;
				LD_RUNPATH_SEARCH_PATHS = "$(inherited) @executable_path/Frameworks";
				PRODUCT_NAME = "$(TARGET_NAME)";
			};
			name = Release;
		};
		24349F721AD21506003FC02A /* Debug */ = {
			isa = XCBuildConfiguration;
			buildSettings = {
				BUNDLE_LOADER = "$(TEST_HOST)";
				FRAMEWORK_SEARCH_PATHS = (
					"$(SDKROOT)/Developer/Library/Frameworks",
					"$(inherited)",
				);
				GCC_PREPROCESSOR_DEFINITIONS = (
					"DEBUG=1",
					"$(inherited)",
				);
				INFOPLIST_FILE = ShoeConverterTests/Info.plist;
				LD_RUNPATH_SEARCH_PATHS = "$(inherited) @executable_path/Frameworks @loader_path/Frameworks";
				PRODUCT_NAME = "$(TARGET_NAME)";
				TEST_HOST = "$(BUILT_PRODUCTS_DIR)/ShoeConverter.app/ShoeConverter";
			};
			name = Debug;
		};
		24349F731AD21506003FC02A /* Release */ = {
			isa = XCBuildConfiguration;
			buildSettings = {
				BUNDLE_LOADER = "$(TEST_HOST)";
				FRAMEWORK_SEARCH_PATHS = (
					"$(SDKROOT)/Developer/Library/Frameworks",
					"$(inherited)",
				);
				INFOPLIST_FILE = ShoeConverterTests/Info.plist;
				LD_RUNPATH_SEARCH_PATHS = "$(inherited) @executable_path/Frameworks @loader_path/Frameworks";
				PRODUCT_NAME = "$(TARGET_NAME)";
				TEST_HOST = "$(BUILT_PRODUCTS_DIR)/ShoeConverter.app/ShoeConverter";
			};
			name = Release;
		};
/* End XCBuildConfiguration section */

/* Begin XCConfigurationList section */
		24349F4A1AD21506003FC02A /* Build configuration list for PBXProject "ShoeConverter" */ = {
			isa = XCConfigurationList;
			buildConfigurations = (
				24349F6C1AD21506003FC02A /* Debug */,
				24349F6D1AD21506003FC02A /* Release */,
			);
			defaultConfigurationIsVisible = 0;
			defaultConfigurationName = Release;
		};
		24349F6E1AD21506003FC02A /* Build configuration list for PBXNativeTarget "ShoeConverter" */ = {
			isa = XCConfigurationList;
			buildConfigurations = (
				24349F6F1AD21506003FC02A /* Debug */,
				24349F701AD21506003FC02A /* Release */,
			);
			defaultConfigurationIsVisible = 0;
		};
		24349F711AD21506003FC02A /* Build configuration list for PBXNativeTarget "ShoeConverterTests" */ = {
			isa = XCConfigurationList;
			buildConfigurations = (
				24349F721AD21506003FC02A /* Debug */,
				24349F731AD21506003FC02A /* Release */,
			);
			defaultConfigurationIsVisible = 0;
		};
/* End XCConfigurationList section */
	};
	rootObject = 24349F471AD21506003FC02A /* Project object */;
}
